
Microsoft Visual Studio Solution File, Format Version 12.00
# Visual Studio 14
VisualStudioVersion = 14.0.25420.1
MinimumVisualStudioVersion = 10.0.40219.1
Project("{FAE04EC0-301F-11D3-BF4B-00C04F79EFBC}") = "Kyor", "EMeditekApp\EMeditekApp\Kyor.csproj", "{25D69128-003C-484E-93EE-1EC13E41E438}"
EndProject
Project("{FAE04EC0-301F-11D3-BF4B-00C04F79EFBC}") = "Kyor.Droid", "EMeditekApp\EMeditekApp.Droid\Kyor.Droid.csproj", "{8C00A9EA-5337-498D-AAF0-135FD3BAB40F}"
EndProject
Project("{FAE04EC0-301F-11D3-BF4B-00C04F79EFBC}") = "Kyor.iOS", "EMeditekApp\EMeditekApp.iOS\Kyor.iOS.csproj", "{DB235542-DA49-4E85-BC51-878BC03A017B}"
EndProject
Global
	GlobalSection(SolutionConfigurationPlatforms) = preSolution
		Ad-Hoc|Any CPU = Ad-Hoc|Any CPU
		Ad-Hoc|iPhone = Ad-Hoc|iPhone
		Ad-Hoc|iPhoneSimulator = Ad-Hoc|iPhoneSimulator
		AppStore|Any CPU = AppStore|Any CPU
		AppStore|iPhone = AppStore|iPhone
		AppStore|iPhoneSimulator = AppStore|iPhoneSimulator
		Debug|Any CPU = Debug|Any CPU
		Debug|iPhone = Debug|iPhone
		Debug|iPhoneSimulator = Debug|iPhoneSimulator
		Release|Any CPU = Release|Any CPU
		Release|iPhone = Release|iPhone
		Release|iPhoneSimulator = Release|iPhoneSimulator
	EndGlobalSection
	GlobalSection(ProjectConfigurationPlatforms) = postSolution
		{25D69128-003C-484E-93EE-1EC13E41E438}.Ad-Hoc|Any CPU.ActiveCfg = Release|Any CPU
		{25D69128-003C-484E-93EE-1EC13E41E438}.Ad-Hoc|Any CPU.Build.0 = Release|Any CPU
		{25D69128-003C-484E-93EE-1EC13E41E438}.Ad-Hoc|iPhone.ActiveCfg = Release|Any CPU
		{25D69128-003C-484E-93EE-1EC13E41E438}.Ad-Hoc|iPhone.Build.0 = Release|Any CPU
		{25D69128-003C-484E-93EE-1EC13E41E438}.Ad-Hoc|iPhoneSimulator.ActiveCfg = Release|Any CPU
		{25D69128-003C-484E-93EE-1EC13E41E438}.Ad-Hoc|iPhoneSimulator.Build.0 = Release|Any CPU
		{25D69128-003C-484E-93EE-1EC13E41E438}.AppStore|Any CPU.ActiveCfg = Release|Any CPU
		{25D69128-003C-484E-93EE-1EC13E41E438}.AppStore|Any CPU.Build.0 = Release|Any CPU
		{25D69128-003C-484E-93EE-1EC13E41E438}.AppStore|iPhone.ActiveCfg = Release|Any CPU
		{25D69128-003C-484E-93EE-1EC13E41E438}.AppStore|iPhone.Build.0 = Release|Any CPU
		{25D69128-003C-484E-93EE-1EC13E41E438}.AppStore|iPhoneSimulator.ActiveCfg = Release|Any CPU
		{25D69128-003C-484E-93EE-1EC13E41E438}.AppStore|iPhoneSimulator.Build.0 = Release|Any CPU
		{25D69128-003C-484E-93EE-1EC13E41E438}.Debug|Any CPU.ActiveCfg = Debug|Any CPU
		{25D69128-003C-484E-93EE-1EC13E41E438}.Debug|Any CPU.Build.0 = Debug|Any CPU
		{25D69128-003C-484E-93EE-1EC13E41E438}.Debug|Any CPU.Deploy.0 = Debug|Any CPU
		{25D69128-003C-484E-93EE-1EC13E41E438}.Debug|iPhone.ActiveCfg = Debug|Any CPU
		{25D69128-003C-484E-93EE-1EC13E41E438}.Debug|iPhone.Build.0 = Debug|Any CPU
		{25D69128-003C-484E-93EE-1EC13E41E438}.Debug|iPhoneSimulator.ActiveCfg = Debug|Any CPU
		{25D69128-003C-484E-93EE-1EC13E41E438}.Debug|iPhoneSimulator.Build.0 = Debug|Any CPU
		{25D69128-003C-484E-93EE-1EC13E41E438}.Release|Any CPU.ActiveCfg = Release|Any CPU
		{25D69128-003C-484E-93EE-1EC13E41E438}.Release|Any CPU.Build.0 = Release|Any CPU
		{25D69128-003C-484E-93EE-1EC13E41E438}.Release|iPhone.ActiveCfg = Release|Any CPU
		{25D69128-003C-484E-93EE-1EC13E41E438}.Release|iPhone.Build.0 = Release|Any CPU
		{25D69128-003C-484E-93EE-1EC13E41E438}.Release|iPhoneSimulator.ActiveCfg = Release|Any CPU
		{25D69128-003C-484E-93EE-1EC13E41E438}.Release|iPhoneSimulator.Build.0 = Release|Any CPU
		{8C00A9EA-5337-498D-AAF0-135FD3BAB40F}.Ad-Hoc|Any CPU.ActiveCfg = Release|Any CPU
		{8C00A9EA-5337-498D-AAF0-135FD3BAB40F}.Ad-Hoc|Any CPU.Build.0 = Release|Any CPU
		{8C00A9EA-5337-498D-AAF0-135FD3BAB40F}.Ad-Hoc|Any CPU.Deploy.0 = Release|Any CPU
		{8C00A9EA-5337-498D-AAF0-135FD3BAB40F}.Ad-Hoc|iPhone.ActiveCfg = Release|Any CPU
		{8C00A9EA-5337-498D-AAF0-135FD3BAB40F}.Ad-Hoc|iPhone.Build.0 = Release|Any CPU
		{8C00A9EA-5337-498D-AAF0-135FD3BAB40F}.Ad-Hoc|iPhone.Deploy.0 = Release|Any CPU
		{8C00A9EA-5337-498D-AAF0-135FD3BAB40F}.Ad-Hoc|iPhoneSimulator.ActiveCfg = Release|Any CPU
		{8C00A9EA-5337-498D-AAF0-135FD3BAB40F}.Ad-Hoc|iPhoneSimulator.Build.0 = Release|Any CPU
		{8C00A9EA-5337-498D-AAF0-135FD3BAB40F}.Ad-Hoc|iPhoneSimulator.Deploy.0 = Release|Any CPU
		{8C00A9EA-5337-498D-AAF0-135FD3BAB40F}.AppStore|Any CPU.ActiveCfg = Release|Any CPU
		{8C00A9EA-5337-498D-AAF0-135FD3BAB40F}.AppStore|Any CPU.Build.0 = Release|Any CPU
		{8C00A9EA-5337-498D-AAF0-135FD3BAB40F}.AppStore|Any CPU.Deploy.0 = Release|Any CPU
		{8C00A9EA-5337-498D-AAF0-135FD3BAB40F}.AppStore|iPhone.ActiveCfg = Release|Any CPU
		{8C00A9EA-5337-498D-AAF0-135FD3BAB40F}.AppStore|iPhone.Build.0 = Release|Any CPU
		{8C00A9EA-5337-498D-AAF0-135FD3BAB40F}.AppStore|iPhone.Deploy.0 = Release|Any CPU
		{8C00A9EA-5337-498D-AAF0-135FD3BAB40F}.AppStore|iPhoneSimulator.ActiveCfg = Release|Any CPU
		{8C00A9EA-5337-498D-AAF0-135FD3BAB40F}.AppStore|iPhoneSimulator.Build.0 = Release|Any CPU
		{8C00A9EA-5337-498D-AAF0-135FD3BAB40F}.AppStore|iPhoneSimulator.Deploy.0 = Release|Any CPU
		{8C00A9EA-5337-498D-AAF0-135FD3BAB40F}.Debug|Any CPU.ActiveCfg = Debug|Any CPU
		{8C00A9EA-5337-498D-AAF0-135FD3BAB40F}.Debug|Any CPU.Build.0 = Debug|Any CPU
		{8C00A9EA-5337-498D-AAF0-135FD3BAB40F}.Debug|Any CPU.Deploy.0 = Debug|Any CPU
		{8C00A9EA-5337-498D-AAF0-135FD3BAB40F}.Debug|iPhone.ActiveCfg = Debug|Any CPU
		{8C00A9EA-5337-498D-AAF0-135FD3BAB40F}.Debug|iPhone.Build.0 = Debug|Any CPU
		{8C00A9EA-5337-498D-AAF0-135FD3BAB40F}.Debug|iPhone.Deploy.0 = Debug|Any CPU
		{8C00A9EA-5337-498D-AAF0-135FD3BAB40F}.Debug|iPhoneSimulator.ActiveCfg = Debug|Any CPU
		{8C00A9EA-5337-498D-AAF0-135FD3BAB40F}.Debug|iPhoneSimulator.Build.0 = Debug|Any CPU
		{8C00A9EA-5337-498D-AAF0-135FD3BAB40F}.Debug|iPhoneSimulator.Deploy.0 = Debug|Any CPU
		{8C00A9EA-5337-498D-AAF0-135FD3BAB40F}.Release|Any CPU.ActiveCfg = Release|Any CPU
		{8C00A9EA-5337-498D-AAF0-135FD3BAB40F}.Release|Any CPU.Build.0 = Release|Any CPU
		{8C00A9EA-5337-498D-AAF0-135FD3BAB40F}.Release|Any CPU.Deploy.0 = Release|Any CPU
		{8C00A9EA-5337-498D-AAF0-135FD3BAB40F}.Release|iPhone.ActiveCfg = Release|Any CPU
		{8C00A9EA-5337-498D-AAF0-135FD3BAB40F}.Release|iPhone.Build.0 = Release|Any CPU
		{8C00A9EA-5337-498D-AAF0-135FD3BAB40F}.Release|iPhone.Deploy.0 = Release|Any CPU
		{8C00A9EA-5337-498D-AAF0-135FD3BAB40F}.Release|iPhoneSimulator.ActiveCfg = Release|Any CPU
		{8C00A9EA-5337-498D-AAF0-135FD3BAB40F}.Release|iPhoneSimulator.Build.0 = Release|Any CPU
		{8C00A9EA-5337-498D-AAF0-135FD3BAB40F}.Release|iPhoneSimulator.Deploy.0 = Release|Any CPU
		{DB235542-DA49-4E85-BC51-878BC03A017B}.Ad-Hoc|Any CPU.ActiveCfg = Ad-Hoc|iPhone
		{DB235542-DA49-4E85-BC51-878BC03A017B}.Ad-Hoc|iPhone.ActiveCfg = Ad-Hoc|iPhone
		{DB235542-DA49-4E85-BC51-878BC03A017B}.Ad-Hoc|iPhone.Build.0 = Ad-Hoc|iPhone
		{DB235542-DA49-4E85-BC51-878BC03A017B}.Ad-Hoc|iPhoneSimulator.ActiveCfg = Ad-Hoc|iPhoneSimulator
		{DB235542-DA49-4E85-BC51-878BC03A017B}.Ad-Hoc|iPhoneSimulator.Build.0 = Ad-Hoc|iPhoneSimulator
		{DB235542-DA49-4E85-BC51-878BC03A017B}.AppStore|Any CPU.ActiveCfg = AppStore|iPhone
		{DB235542-DA49-4E85-BC51-878BC03A017B}.AppStore|iPhone.ActiveCfg = AppStore|iPhone
		{DB235542-DA49-4E85-BC51-878BC03A017B}.AppStore|iPhone.Build.0 = AppStore|iPhone
		{DB235542-DA49-4E85-BC51-878BC03A017B}.AppStore|iPhoneSimulator.ActiveCfg = AppStore|iPhoneSimulator
		{DB235542-DA49-4E85-BC51-878BC03A017B}.AppStore|iPhoneSimulator.Build.0 = AppStore|iPhoneSimulator
		{DB235542-DA49-4E85-BC51-878BC03A017B}.Debug|Any CPU.ActiveCfg = Debug|iPhone
		{DB235542-DA49-4E85-BC51-878BC03A017B}.Debug|Any CPU.Build.0 = Debug|iPhone
		{DB235542-DA49-4E85-BC51-878BC03A017B}.Debug|Any CPU.Deploy.0 = Debug|iPhone
		{DB235542-DA49-4E85-BC51-878BC03A017B}.Debug|iPhone.ActiveCfg = Debug|iPhoneSimulator
		{DB235542-DA49-4E85-BC51-878BC03A017B}.Debug|iPhone.Build.0 = Debug|iPhoneSimulator
		{DB235542-DA49-4E85-BC51-878BC03A017B}.Debug|iPhoneSimulator.ActiveCfg = Debug|iPhoneSimulator
		{DB235542-DA49-4E85-BC51-878BC03A017B}.Debug|iPhoneSimulator.Build.0 = Debug|iPhoneSimulator
		{DB235542-DA49-4E85-BC51-878BC03A017B}.Release|Any CPU.ActiveCfg = Release|iPhone
		{DB235542-DA49-4E85-BC51-878BC03A017B}.Release|iPhone.ActiveCfg = Release|iPhone
		{DB235542-DA49-4E85-BC51-878BC03A017B}.Release|iPhone.Build.0 = Release|iPhone
		{DB235542-DA49-4E85-BC51-878BC03A017B}.Release|iPhoneSimulator.ActiveCfg = Release|iPhoneSimulator
		{DB235542-DA49-4E85-BC51-878BC03A017B}.Release|iPhoneSimulator.Build.0 = Release|iPhoneSimulator
	EndGlobalSection
	GlobalSection(SolutionProperties) = preSolution
		HideSolutionNode = FALSE
	EndGlobalSection
EndGlobal
